// !$*UTF8*$!
{
	archiveVersion = 1;
	classes = {
	};
	objectVersion = 50;
	objects = {

/* Begin PBXBuildFile section */
		A49777012603FA9B0038BE81 /* AppDelegate.swift in Sources */ = {isa = PBXBuildFile; fileRef = A49777002603FA9B0038BE81 /* AppDelegate.swift */; };
		A49777032603FA9B0038BE81 /* SceneDelegate.swift in Sources */ = {isa = PBXBuildFile; fileRef = A49777022603FA9B0038BE81 /* SceneDelegate.swift */; };
		A49777052603FA9B0038BE81 /* ViewController.swift in Sources */ = {isa = PBXBuildFile; fileRef = A49777042603FA9B0038BE81 /* ViewController.swift */; };
		A49777082603FA9B0038BE81 /* Main.storyboard in Resources */ = {isa = PBXBuildFile; fileRef = A49777062603FA9B0038BE81 /* Main.storyboard */; };
		A497770A2603FA9E0038BE81 /* Assets.xcassets in Resources */ = {isa = PBXBuildFile; fileRef = A49777092603FA9E0038BE81 /* Assets.xcassets */; };
		A497770D2603FA9E0038BE81 /* LaunchScreen.storyboard in Resources */ = {isa = PBXBuildFile; fileRef = A497770B2603FA9E0038BE81 /* LaunchScreen.storyboard */; };
		A49777182603FA9E0038BE81 /* Calculadora_PropinasTests.swift in Sources */ = {isa = PBXBuildFile; fileRef = A49777172603FA9E0038BE81 /* Calculadora_PropinasTests.swift */; };
		A49777232603FA9E0038BE81 /* Calculadora_PropinasUITests.swift in Sources */ = {isa = PBXBuildFile; fileRef = A49777222603FA9E0038BE81 /* Calculadora_PropinasUITests.swift */; };
/* End PBXBuildFile section */

/* Begin PBXContainerItemProxy section */
		A49777142603FA9E0038BE81 /* PBXContainerItemProxy */ = {
			isa = PBXContainerItemProxy;
			containerPortal = A49776F52603FA9B0038BE81 /* Project object */;
			proxyType = 1;
			remoteGlobalIDString = A49776FC2603FA9B0038BE81;
			remoteInfo = Calculadora_Propinas;
		};
		A497771F2603FA9E0038BE81 /* PBXContainerItemProxy */ = {
			isa = PBXContainerItemProxy;
			containerPortal = A49776F52603FA9B0038BE81 /* Project object */;
			proxyType = 1;
			remoteGlobalIDString = A49776FC2603FA9B0038BE81;
			remoteInfo = Calculadora_Propinas;
		};
/* End PBXContainerItemProxy section */

/* Begin PBXFileReference section */
		A49776FD2603FA9B0038BE81 /* Calculadora_Propinas.app */ = {isa = PBXFileReference; explicitFileType = wrapper.application; includeInIndex = 0; path = Calculadora_Propinas.app; sourceTree = BUILT_PRODUCTS_DIR; };
		A49777002603FA9B0038BE81 /* AppDelegate.swift */ = {isa = PBXFileReference; lastKnownFileType = sourcecode.swift; path = AppDelegate.swift; sourceTree = "<group>"; };
		A49777022603FA9B0038BE81 /* SceneDelegate.swift */ = {isa = PBXFileReference; lastKnownFileType = sourcecode.swift; path = SceneDelegate.swift; sourceTree = "<group>"; };
		A49777042603FA9B0038BE81 /* ViewController.swift */ = {isa = PBXFileReference; lastKnownFileType = sourcecode.swift; path = ViewController.swift; sourceTree = "<group>"; };
		A49777072603FA9B0038BE81 /* Base */ = {isa = PBXFileReference; lastKnownFileType = file.storyboard; name = Base; path = Base.lproj/Main.storyboard; sourceTree = "<group>"; };
		A49777092603FA9E0038BE81 /* Assets.xcassets */ = {isa = PBXFileReference; lastKnownFileType = folder.assetcatalog; path = Assets.xcassets; sourceTree = "<group>"; };
		A497770C2603FA9E0038BE81 /* Base */ = {isa = PBXFileReference; lastKnownFileType = file.storyboard; name = Base; path = Base.lproj/LaunchScreen.storyboard; sourceTree = "<group>"; };
		A497770E2603FA9E0038BE81 /* Info.plist */ = {isa = PBXFileReference; lastKnownFileType = text.plist.xml; path = Info.plist; sourceTree = "<group>"; };
		A49777132603FA9E0038BE81 /* Calculadora_PropinasTests.xctest */ = {isa = PBXFileReference; explicitFileType = wrapper.cfbundle; includeInIndex = 0; path = Calculadora_PropinasTests.xctest; sourceTree = BUILT_PRODUCTS_DIR; };
		A49777172603FA9E0038BE81 /* Calculadora_PropinasTests.swift */ = {isa = PBXFileReference; lastKnownFileType = sourcecode.swift; path = Calculadora_PropinasTests.swift; sourceTree = "<group>"; };
		A49777192603FA9E0038BE81 /* Info.plist */ = {isa = PBXFileReference; lastKnownFileType = text.plist.xml; path = Info.plist; sourceTree = "<group>"; };
		A497771E2603FA9E0038BE81 /* Calculadora_PropinasUITests.xctest */ = {isa = PBXFileReference; explicitFileType = wrapper.cfbundle; includeInIndex = 0; path = Calculadora_PropinasUITests.xctest; sourceTree = BUILT_PRODUCTS_DIR; };
		A49777222603FA9E0038BE81 /* Calculadora_PropinasUITests.swift */ = {isa = PBXFileReference; lastKnownFileType = sourcecode.swift; path = Calculadora_PropinasUITests.swift; sourceTree = "<group>"; };
		A49777242603FA9E0038BE81 /* Info.plist */ = {isa = PBXFileReference; lastKnownFileType = text.plist.xml; path = Info.plist; sourceTree = "<group>"; };
/* End PBXFileReference section */

/* Begin PBXFrameworksBuildPhase section */
		A49776FA2603FA9B0038BE81 /* Frameworks */ = {
			isa = PBXFrameworksBuildPhase;
			buildActionMask = 2147483647;
			files = (
			);
			runOnlyForDeploymentPostprocessing = 0;
		};
		A49777102603FA9E0038BE81 /* Frameworks */ = {
			isa = PBXFrameworksBuildPhase;
			buildActionMask = 2147483647;
			files = (
			);
			runOnlyForDeploymentPostprocessing = 0;
		};
		A497771B2603FA9E0038BE81 /* Frameworks */ = {
			isa = PBXFrameworksBuildPhase;
			buildActionMask = 2147483647;
			files = (
			);
			runOnlyForDeploymentPostprocessing = 0;
		};
/* End PBXFrameworksBuildPhase section */

/* Begin PBXGroup section */
		A49776F42603FA9B0038BE81 = {
			isa = PBXGroup;
			children = (
				A49776FF2603FA9B0038BE81 /* Calculadora_Propinas */,
				A49777162603FA9E0038BE81 /* Calculadora_PropinasTests */,
				A49777212603FA9E0038BE81 /* Calculadora_PropinasUITests */,
				A49776FE2603FA9B0038BE81 /* Products */,
			);
			sourceTree = "<group>";
		};
		A49776FE2603FA9B0038BE81 /* Products */ = {
			isa = PBXGroup;
			children = (
				A49776FD2603FA9B0038BE81 /* Calculadora_Propinas.app */,
				A49777132603FA9E0038BE81 /* Calculadora_PropinasTests.xctest */,
				A497771E2603FA9E0038BE81 /* Calculadora_PropinasUITests.xctest */,
			);
			name = Products;
			sourceTree = "<group>";
		};
		A49776FF2603FA9B0038BE81 /* Calculadora_Propinas */ = {
			isa = PBXGroup;
			children = (
				A49777002603FA9B0038BE81 /* AppDelegate.swift */,
				A49777022603FA9B0038BE81 /* SceneDelegate.swift */,
				A49777042603FA9B0038BE81 /* ViewController.swift */,
				A49777062603FA9B0038BE81 /* Main.storyboard */,
				A49777092603FA9E0038BE81 /* Assets.xcassets */,
				A497770B2603FA9E0038BE81 /* LaunchScreen.storyboard */,
				A497770E2603FA9E0038BE81 /* Info.plist */,
			);
			path = Calculadora_Propinas;
			sourceTree = "<group>";
		};
		A49777162603FA9E0038BE81 /* Calculadora_PropinasTests */ = {
			isa = PBXGroup;
			children = (
				A49777172603FA9E0038BE81 /* Calculadora_PropinasTests.swift */,
				A49777192603FA9E0038BE81 /* Info.plist */,
			);
			path = Calculadora_PropinasTests;
			sourceTree = "<group>";
		};
		A49777212603FA9E0038BE81 /* Calculadora_PropinasUITests */ = {
			isa = PBXGroup;
			children = (
				A49777222603FA9E0038BE81 /* Calculadora_PropinasUITests.swift */,
				A49777242603FA9E0038BE81 /* Info.plist */,
			);
			path = Calculadora_PropinasUITests;
			sourceTree = "<group>";
		};
/* End PBXGroup section */

/* Begin PBXNativeTarget section */
		A49776FC2603FA9B0038BE81 /* Calculadora_Propinas */ = {
			isa = PBXNativeTarget;
			buildConfigurationList = A49777272603FA9E0038BE81 /* Build configuration list for PBXNativeTarget "Calculadora_Propinas" */;
			buildPhases = (
				A49776F92603FA9B0038BE81 /* Sources */,
				A49776FA2603FA9B0038BE81 /* Frameworks */,
				A49776FB2603FA9B0038BE81 /* Resources */,
			);
			buildRules = (
			);
			dependencies = (
			);
			name = Calculadora_Propinas;
			productName = Calculadora_Propinas;
			productReference = A49776FD2603FA9B0038BE81 /* Calculadora_Propinas.app */;
			productType = "com.apple.product-type.application";
		};
		A49777122603FA9E0038BE81 /* Calculadora_PropinasTests */ = {
			isa = PBXNativeTarget;
			buildConfigurationList = A497772A2603FA9E0038BE81 /* Build configuration list for PBXNativeTarget "Calculadora_PropinasTests" */;
			buildPhases = (
				A497770F2603FA9E0038BE81 /* Sources */,
				A49777102603FA9E0038BE81 /* Frameworks */,
				A49777112603FA9E0038BE81 /* Resources */,
			);
			buildRules = (
			);
			dependencies = (
				A49777152603FA9E0038BE81 /* PBXTargetDependency */,
			);
			name = Calculadora_PropinasTests;
			productName = Calculadora_PropinasTests;
			productReference = A49777132603FA9E0038BE81 /* Calculadora_PropinasTests.xctest */;
			productType = "com.apple.product-type.bundle.unit-test";
		};
		A497771D2603FA9E0038BE81 /* Calculadora_PropinasUITests */ = {
			isa = PBXNativeTarget;
			buildConfigurationList = A497772D2603FA9E0038BE81 /* Build configuration list for PBXNativeTarget "Calculadora_PropinasUITests" */;
			buildPhases = (
				A497771A2603FA9E0038BE81 /* Sources */,
				A497771B2603FA9E0038BE81 /* Frameworks */,
				A497771C2603FA9E0038BE81 /* Resources */,
			);
			buildRules = (
			);
			dependencies = (
				A49777202603FA9E0038BE81 /* PBXTargetDependency */,
			);
			name = Calculadora_PropinasUITests;
			productName = Calculadora_PropinasUITests;
			productReference = A497771E2603FA9E0038BE81 /* Calculadora_PropinasUITests.xctest */;
			productType = "com.apple.product-type.bundle.ui-testing";
		};
/* End PBXNativeTarget section */

/* Begin PBXProject section */
		A49776F52603FA9B0038BE81 /* Project object */ = {
			isa = PBXProject;
			attributes = {
				LastSwiftUpdateCheck = 1240;
				LastUpgradeCheck = 1240;
				TargetAttributes = {
					A49776FC2603FA9B0038BE81 = {
						CreatedOnToolsVersion = 12.4;
					};
					A49777122603FA9E0038BE81 = {
						CreatedOnToolsVersion = 12.4;
						TestTargetID = A49776FC2603FA9B0038BE81;
					};
					A497771D2603FA9E0038BE81 = {
						CreatedOnToolsVersion = 12.4;
						TestTargetID = A49776FC2603FA9B0038BE81;
					};
				};
			};
			buildConfigurationList = A49776F82603FA9B0038BE81 /* Build configuration list for PBXProject "Calculadora_Propinas" */;
			compatibilityVersion = "Xcode 9.3";
			developmentRegion = en;
			hasScannedForEncodings = 0;
			knownRegions = (
				en,
				Base,
			);
			mainGroup = A49776F42603FA9B0038BE81;
			productRefGroup = A49776FE2603FA9B0038BE81 /* Products */;
			projectDirPath = "";
			projectRoot = "";
			targets = (
				A49776FC2603FA9B0038BE81 /* Calculadora_Propinas */,
				A49777122603FA9E0038BE81 /* Calculadora_PropinasTests */,
				A497771D2603FA9E0038BE81 /* Calculadora_PropinasUITests */,
			);
		};
/* End PBXProject section */

/* Begin PBXResourcesBuildPhase section */
		A49776FB2603FA9B0038BE81 /* Resources */ = {
			isa = PBXResourcesBuildPhase;
			buildActionMask = 2147483647;
			files = (
				A497770D2603FA9E0038BE81 /* LaunchScreen.storyboard in Resources */,
				A497770A2603FA9E0038BE81 /* Assets.xcassets in Resources */,
				A49777082603FA9B0038BE81 /* Main.storyboard in Resources */,
			);
			runOnlyForDeploymentPostprocessing = 0;
		};
		A49777112603FA9E0038BE81 /* Resources */ = {
			isa = PBXResourcesBuildPhase;
			buildActionMask = 2147483647;
			files = (
			);
			runOnlyForDeploymentPostprocessing = 0;
		};
		A497771C2603FA9E0038BE81 /* Resources */ = {
			isa = PBXResourcesBuildPhase;
			buildActionMask = 2147483647;
			files = (
			);
			runOnlyForDeploymentPostprocessing = 0;
		};
/* End PBXResourcesBuildPhase section */

/* Begin PBXSourcesBuildPhase section */
		A49776F92603FA9B0038BE81 /* Sources */ = {
			isa = PBXSourcesBuildPhase;
			buildActionMask = 2147483647;
			files = (
				A49777052603FA9B0038BE81 /* ViewController.swift in Sources */,
				A49777012603FA9B0038BE81 /* AppDelegate.swift in Sources */,
				A49777032603FA9B0038BE81 /* SceneDelegate.swift in Sources */,
			);
			runOnlyForDeploymentPostprocessing = 0;
		};
		A497770F2603FA9E0038BE81 /* Sources */ = {
			isa = PBXSourcesBuildPhase;
			buildActionMask = 2147483647;
			files = (
				A49777182603FA9E0038BE81 /* Calculadora_PropinasTests.swift in Sources */,
			);
			runOnlyForDeploymentPostprocessing = 0;
		};
		A497771A2603FA9E0038BE81 /* Sources */ = {
			isa = PBXSourcesBuildPhase;
			buildActionMask = 2147483647;
			files = (
				A49777232603FA9E0038BE81 /* Calculadora_PropinasUITests.swift in Sources */,
			);
			runOnlyForDeploymentPostprocessing = 0;
		};
/* End PBXSourcesBuildPhase section */

/* Begin PBXTargetDependency section */
		A49777152603FA9E0038BE81 /* PBXTargetDependency */ = {
			isa = PBXTargetDependency;
			target = A49776FC2603FA9B0038BE81 /* Calculadora_Propinas */;
			targetProxy = A49777142603FA9E0038BE81 /* PBXContainerItemProxy */;
		};
		A49777202603FA9E0038BE81 /* PBXTargetDependency */ = {
			isa = PBXTargetDependency;
			target = A49776FC2603FA9B0038BE81 /* Calculadora_Propinas */;
			targetProxy = A497771F2603FA9E0038BE81 /* PBXContainerItemProxy */;
		};
/* End PBXTargetDependency section */

/* Begin PBXVariantGroup section */
		A49777062603FA9B0038BE81 /* Main.storyboard */ = {
			isa = PBXVariantGroup;
			children = (
				A49777072603FA9B0038BE81 /* Base */,
			);
			name = Main.storyboard;
			sourceTree = "<group>";
		};
		A497770B2603FA9E0038BE81 /* LaunchScreen.storyboard */ = {
			isa = PBXVariantGroup;
			children = (
				A497770C2603FA9E0038BE81 /* Base */,
			);
			name = LaunchScreen.storyboard;
			sourceTree = "<group>";
		};
/* End PBXVariantGroup section */

/* Begin XCBuildConfiguration section */
		A49777252603FA9E0038BE81 /* Debug */ = {
			isa = XCBuildConfiguration;
			buildSettings = {
				ALWAYS_SEARCH_USER_PATHS = NO;
				CLANG_ANALYZER_NONNULL = YES;
				CLANG_ANALYZER_NUMBER_OBJECT_CONVERSION = YES_AGGRESSIVE;
				CLANG_CXX_LANGUAGE_STANDARD = "gnu++14";
				CLANG_CXX_LIBRARY = "libc++";
				CLANG_ENABLE_MODULES = YES;
				CLANG_ENABLE_OBJC_ARC = YES;
				CLANG_ENABLE_OBJC_WEAK = YES;
				CLANG_WARN_BLOCK_CAPTURE_AUTORELEASING = YES;
				CLANG_WARN_BOOL_CONVERSION = YES;
				CLANG_WARN_COMMA = YES;
				CLANG_WARN_CONSTANT_CONVERSION = YES;
				CLANG_WARN_DEPRECATED_OBJC_IMPLEMENTATIONS = YES;
				CLANG_WARN_DIRECT_OBJC_ISA_USAGE = YES_ERROR;
				CLANG_WARN_DOCUMENTATION_COMMENTS = YES;
				CLANG_WARN_EMPTY_BODY = YES;
				CLANG_WARN_ENUM_CONVERSION = YES;
				CLANG_WARN_INFINITE_RECURSION = YES;
				CLANG_WARN_INT_CONVERSION = YES;
				CLANG_WARN_NON_LITERAL_NULL_CONVERSION = YES;
				CLANG_WARN_OBJC_IMPLICIT_RETAIN_SELF = YES;
				CLANG_WARN_OBJC_LITERAL_CONVERSION = YES;
				CLANG_WARN_OBJC_ROOT_CLASS = YES_ERROR;
				CLANG_WARN_QUOTED_INCLUDE_IN_FRAMEWORK_HEADER = YES;
				CLANG_WARN_RANGE_LOOP_ANALYSIS = YES;
				CLANG_WARN_STRICT_PROTOTYPES = YES;
				CLANG_WARN_SUSPICIOUS_MOVE = YES;
				CLANG_WARN_UNGUARDED_AVAILABILITY = YES_AGGRESSIVE;
				CLANG_WARN_UNREACHABLE_CODE = YES;
				CLANG_WARN__DUPLICATE_METHOD_MATCH = YES;
				COPY_PHASE_STRIP = NO;
				DEBUG_INFORMATION_FORMAT = dwarf;
				ENABLE_STRICT_OBJC_MSGSEND = YES;
				ENABLE_TESTABILITY = YES;
				GCC_C_LANGUAGE_STANDARD = gnu11;
				GCC_DYNAMIC_NO_PIC = NO;
				GCC_NO_COMMON_BLOCKS = YES;
				GCC_OPTIMIZATION_LEVEL = 0;
				GCC_PREPROCESSOR_DEFINITIONS = (
					"DEBUG=1",
					"$(inherited)",
				);
				GCC_WARN_64_TO_32_BIT_CONVERSION = YES;
				GCC_WARN_ABOUT_RETURN_TYPE = YES_ERROR;
				GCC_WARN_UNDECLARED_SELECTOR = YES;
				GCC_WARN_UNINITIALIZED_AUTOS = YES_AGGRESSIVE;
				GCC_WARN_UNUSED_FUNCTION = YES;
				GCC_WARN_UNUSED_VARIABLE = YES;
				IPHONEOS_DEPLOYMENT_TARGET = 14.4;
				MTL_ENABLE_DEBUG_INFO = INCLUDE_SOURCE;
				MTL_FAST_MATH = YES;
				ONLY_ACTIVE_ARCH = YES;
				SDKROOT = iphoneos;
				SWIFT_ACTIVE_COMPILATION_CONDITIONS = DEBUG;
				SWIFT_OPTIMIZATION_LEVEL = "-Onone";
			};
			name = Debug;
		};
		A49777262603FA9E0038BE81 /* Release */ = {
			isa = XCBuildConfiguration;
			buildSettings = {
				ALWAYS_SEARCH_USER_PATHS = NO;
				CLANG_ANALYZER_NONNULL = YES;
				CLANG_ANALYZER_NUMBER_OBJECT_CONVERSION = YES_AGGRESSIVE;
				CLANG_CXX_LANGUAGE_STANDARD = "gnu++14";
				CLANG_CXX_LIBRARY = "libc++";
				CLANG_ENABLE_MODULES = YES;
				CLANG_ENABLE_OBJC_ARC = YES;
				CLANG_ENABLE_OBJC_WEAK = YES;
				CLANG_WARN_BLOCK_CAPTURE_AUTORELEASING = YES;
				CLANG_WARN_BOOL_CONVERSION = YES;
				CLANG_WARN_COMMA = YES;
				CLANG_WARN_CONSTANT_CONVERSION = YES;
				CLANG_WARN_DEPRECATED_OBJC_IMPLEMENTATIONS = YES;
				CLANG_WARN_DIRECT_OBJC_ISA_USAGE = YES_ERROR;
				CLANG_WARN_DOCUMENTATION_COMMENTS = YES;
				CLANG_WARN_EMPTY_BODY = YES;
				CLANG_WARN_ENUM_CONVERSION = YES;
				CLANG_WARN_INFINITE_RECURSION = YES;
				CLANG_WARN_INT_CONVERSION = YES;
				CLANG_WARN_NON_LITERAL_NULL_CONVERSION = YES;
				CLANG_WARN_OBJC_IMPLICIT_RETAIN_SELF = YES;
				CLANG_WARN_OBJC_LITERAL_CONVERSION = YES;
				CLANG_WARN_OBJC_ROOT_CLASS = YES_ERROR;
				CLANG_WARN_QUOTED_INCLUDE_IN_FRAMEWORK_HEADER = YES;
				CLANG_WARN_RANGE_LOOP_ANALYSIS = YES;
				CLANG_WARN_STRICT_PROTOTYPES = YES;
				CLANG_WARN_SUSPICIOUS_MOVE = YES;
				CLANG_WARN_UNGUARDED_AVAILABILITY = YES_AGGRESSIVE;
				CLANG_WARN_UNREACHABLE_CODE = YES;
				CLANG_WARN__DUPLICATE_METHOD_MATCH = YES;
				COPY_PHASE_STRIP = NO;
				DEBUG_INFORMATION_FORMAT = "dwarf-with-dsym";
				ENABLE_NS_ASSERTIONS = NO;
				ENABLE_STRICT_OBJC_MSGSEND = YES;
				GCC_C_LANGUAGE_STANDARD = gnu11;
				GCC_NO_COMMON_BLOCKS = YES;
				GCC_WARN_64_TO_32_BIT_CONVERSION = YES;
				GCC_WARN_ABOUT_RETURN_TYPE = YES_ERROR;
				GCC_WARN_UNDECLARED_SELECTOR = YES;
				GCC_WARN_UNINITIALIZED_AUTOS = YES_AGGRESSIVE;
				GCC_WARN_UNUSED_FUNCTION = YES;
				GCC_WARN_UNUSED_VARIABLE = YES;
				IPHONEOS_DEPLOYMENT_TARGET = 14.4;
				MTL_ENABLE_DEBUG_INFO = NO;
				MTL_FAST_MATH = YES;
				SDKROOT = iphoneos;
				SWIFT_COMPILATION_MODE = wholemodule;
				SWIFT_OPTIMIZATION_LEVEL = "-O";
				VALIDATE_PRODUCT = YES;
			};
			name = Release;
		};
		A49777282603FA9E0038BE81 /* Debug */ = {
			isa = XCBuildConfiguration;
			buildSettings = {
				ASSETCATALOG_COMPILER_APPICON_NAME = AppIcon;
				ASSETCATALOG_COMPILER_GLOBAL_ACCENT_COLOR_NAME = AccentColor;
				CODE_SIGN_STYLE = Automatic;
				DEVELOPMENT_TEAM = QZ3G8593MP;
				INFOPLIST_FILE = Calculadora_Propinas/Info.plist;
				LD_RUNPATH_SEARCH_PATHS = (
					"$(inherited)",
					"@executable_path/Frameworks",
				);
				PRODUCT_BUNDLE_IDENTIFIER = "ZamoritaINC.Calculadora-Propinas";
				PRODUCT_NAME = "$(TARGET_NAME)";
				SWIFT_VERSION = 5.0;
				TARGETED_DEVICE_FAMILY = "1,2";
			};
			name = Debug;
		};
		A49777292603FA9E0038BE81 /* Release */ = {
			isa = XCBuildConfiguration;
			buildSettings = {
				ASSETCATALOG_COMPILER_APPICON_NAME = AppIcon;
				ASSETCATALOG_COMPILER_GLOBAL_ACCENT_COLOR_NAME = AccentColor;
				CODE_SIGN_STYLE = Automatic;
				DEVELOPMENT_TEAM = QZ3G8593MP;
				INFOPLIST_FILE = Calculadora_Propinas/Info.plist;
				LD_RUNPATH_SEARCH_PATHS = (
					"$(inherited)",
					"@executable_path/Frameworks",
				);
				PRODUCT_BUNDLE_IDENTIFIER = "ZamoritaINC.Calculadora-Propinas";
				PRODUCT_NAME = "$(TARGET_NAME)";
				SWIFT_VERSION = 5.0;
				TARGETED_DEVICE_FAMILY = "1,2";
			};
			name = Release;
		};
		A497772B2603FA9E0038BE81 /* Debug */ = {
			isa = XCBuildConfiguration;
			buildSettings = {
				ALWAYS_EMBED_SWIFT_STANDARD_LIBRARIES = YES;
				BUNDLE_LOADER = "$(TEST_HOST)";
				CODE_SIGN_STYLE = Automatic;
				DEVELOPMENT_TEAM = QZ3G8593MP;
				INFOPLIST_FILE = Calculadora_PropinasTests/Info.plist;
				IPHONEOS_DEPLOYMENT_TARGET = 14.4;
				LD_RUNPATH_SEARCH_PATHS = (
					"$(inherited)",
					"@executable_path/Frameworks",
					"@loader_path/Frameworks",
				);
				PRODUCT_BUNDLE_IDENTIFIER = "ZamoritaINC.Calculadora-PropinasTests";
				PRODUCT_NAME = "$(TARGET_NAME)";
				SWIFT_VERSION = 5.0;
				TARGETED_DEVICE_FAMILY = "1,2";
				TEST_HOST = "$(BUILT_PRODUCTS_DIR)/Calculadora_Propinas.app/Calculadora_Propinas";
			};
			name = Debug;
		};
		A497772C2603FA9E0038BE81 /* Release */ = {
			isa = XCBuildConfiguration;
			buildSettings = {
				ALWAYS_EMBED_SWIFT_STANDARD_LIBRARIES = YES;
				BUNDLE_LOADER = "$(TEST_HOST)";
				CODE_SIGN_STYLE = Automatic;
				DEVELOPMENT_TEAM = QZ3G8593MP;
				INFOPLIST_FILE = Calculadora_PropinasTests/Info.plist;
				IPHONEOS_DEPLOYMENT_TARGET = 14.4;
				LD_RUNPATH_SEARCH_PATHS = (
					"$(inherited)",
					"@executable_path/Frameworks",
					"@loader_path/Frameworks",
				);
				PRODUCT_BUNDLE_IDENTIFIER = "ZamoritaINC.Calculadora-PropinasTests";
				PRODUCT_NAME = "$(TARGET_NAME)";
				SWIFT_VERSION = 5.0;
				TARGETED_DEVICE_FAMILY = "1,2";
				TEST_HOST = "$(BUILT_PRODUCTS_DIR)/Calculadora_Propinas.app/Calculadora_Propinas";
			};
			name = Release;
		};
		A497772E2603FA9E0038BE81 /* Debug */ = {
			isa = XCBuildConfiguration;
			buildSettings = {
				ALWAYS_EMBED_SWIFT_STANDARD_LIBRARIES = YES;
				CODE_SIGN_STYLE = Automatic;
				DEVELOPMENT_TEAM = QZ3G8593MP;
				INFOPLIST_FILE = Calculadora_PropinasUITests/Info.plist;
				LD_RUNPATH_SEARCH_PATHS = (
					"$(inherited)",
					"@executable_path/Frameworks",
					"@loader_path/Frameworks",
				);
				PRODUCT_BUNDLE_IDENTIFIER = "ZamoritaINC.Calculadora-PropinasUITests";
				PRODUCT_NAME = "$(TARGET_NAME)";
				SWIFT_VERSION = 5.0;
				TARGETED_DEVICE_FAMILY = "1,2";
				TEST_TARGET_NAME = Calculadora_Propinas;
			};
			name = Debug;
		};
		A497772F2603FA9E0038BE81 /* Release */ = {
			isa = XCBuildConfiguration;
			buildSettings = {
				ALWAYS_EMBED_SWIFT_STANDARD_LIBRARIES = YES;
				CODE_SIGN_STYLE = Automatic;
				DEVELOPMENT_TEAM = QZ3G8593MP;
				INFOPLIST_FILE = Calculadora_PropinasUITests/Info.plist;
				LD_RUNPATH_SEARCH_PATHS = (
					"$(inherited)",
					"@executable_path/Frameworks",
					"@loader_path/Frameworks",
				);
				PRODUCT_BUNDLE_IDENTIFIER = "ZamoritaINC.Calculadora-PropinasUITests";
				PRODUCT_NAME = "$(TARGET_NAME)";
				SWIFT_VERSION = 5.0;
				TARGETED_DEVICE_FAMILY = "1,2";
				TEST_TARGET_NAME = Calculadora_Propinas;
			};
			name = Release;
		};
/* End XCBuildConfiguration section */

/* Begin XCConfigurationList section */
		A49776F82603FA9B0038BE81 /* Build configuration list for PBXProject "Calculadora_Propinas" */ = {
			isa = XCConfigurationList;
			buildConfigurations = (
				A49777252603FA9E0038BE81 /* Debug */,
				A49777262603FA9E0038BE81 /* Release */,
			);
			defaultConfigurationIsVisible = 0;
			defaultConfigurationName = Release;
		};
		A49777272603FA9E0038BE81 /* Build configuration list for PBXNativeTarget "Calculadora_Propinas" */ = {
			isa = XCConfigurationList;
			buildConfigurations = (
				A49777282603FA9E0038BE81 /* Debug */,
				A49777292603FA9E0038BE81 /* Release */,
			);
			defaultConfigurationIsVisible = 0;
			defaultConfigurationName = Release;
		};
		A497772A2603FA9E0038BE81 /* Build configuration list for PBXNativeTarget "Calculadora_PropinasTests" */ = {
			isa = XCConfigurationList;
			buildConfigurations = (
				A497772B2603FA9E0038BE81 /* Debug */,
				A497772C2603FA9E0038BE81 /* Release */,
			);
			defaultConfigurationIsVisible = 0;
			defaultConfigurationName = Release;
		};
		A497772D2603FA9E0038BE81 /* Build configuration list for PBXNativeTarget "Calculadora_PropinasUITests" */ = {
			isa = XCConfigurationList;
			buildConfigurations = (
				A497772E2603FA9E0038BE81 /* Debug */,
				A497772F2603FA9E0038BE81 /* Release */,
			);
			defaultConfigurationIsVisible = 0;
			defaultConfigurationName = Release;
		};
/* End XCConfigurationList section */
	};
	rootObject = A49776F52603FA9B0038BE81 /* Project object */;
}
